
Microsoft Visual Studio Solution File, Format Version 11.00
# Visual Studio 2010
Project("{FAE04EC0-301F-11D3-BF4B-00C04F79EFBC}") = "heARt", "Assembly-CSharp.csproj", "{BEBEA4E6-5176-60CC-C33D-D496CCFF0F91}"
EndProject
Project("{FAE04EC0-301F-11D3-BF4B-00C04F79EFBC}") = "heARt", "Assembly-CSharp-Editor.csproj", "{F6CF980C-9AFB-5DD6-0153-3F495776BAFD}"
EndProject
Global
	GlobalSection(SolutionConfigurationPlatforms) = preSolution
		Debug|Any CPU = Debug|Any CPU
		Release|Any CPU = Release|Any CPU
	EndGlobalSection
	GlobalSection(ProjectConfigurationPlatforms) = postSolution
		{BEBEA4E6-5176-60CC-C33D-D496CCFF0F91}.Debug|Any CPU.ActiveCfg = Debug|Any CPU
		{BEBEA4E6-5176-60CC-C33D-D496CCFF0F91}.Debug|Any CPU.Build.0 = Debug|Any CPU
		{BEBEA4E6-5176-60CC-C33D-D496CCFF0F91}.Release|Any CPU.ActiveCfg = Release|Any CPU
		{BEBEA4E6-5176-60CC-C33D-D496CCFF0F91}.Release|Any CPU.Build.0 = Release|Any CPU
		{F6CF980C-9AFB-5DD6-0153-3F495776BAFD}.Debug|Any CPU.ActiveCfg = Debug|Any CPU
		{F6CF980C-9AFB-5DD6-0153-3F495776BAFD}.Debug|Any CPU.Build.0 = Debug|Any CPU
		{F6CF980C-9AFB-5DD6-0153-3F495776BAFD}.Release|Any CPU.ActiveCfg = Release|Any CPU
		{F6CF980C-9AFB-5DD6-0153-3F495776BAFD}.Release|Any CPU.Build.0 = Release|Any CPU
	EndGlobalSection
	GlobalSection(SolutionProperties) = preSolution
		HideSolutionNode = FALSE
	EndGlobalSection
	GlobalSection(MonoDevelopProperties) = preSolution
		StartupItem = Assembly-CSharp.csproj
	EndGlobalSection
EndGlobal
